
Microsoft Visual Studio Solution File, Format Version 12.00
# Visual Studio Version 17
VisualStudioVersion = 17.7.34202.233
MinimumVisualStudioVersion = 10.0.40219.1
Project("{FAE04EC0-301F-11D3-BF4B-00C04F79EFBC}") = "ProgramAudio", "ProgramAudio.csproj", "{2CD92DD3-9975-4EE2-912C-E04145189DD8}"
EndProject
Global
	GlobalSection(SolutionConfigurationPlatforms) = preSolution
		Debug|Any CPU = Debug|Any CPU
		Release|Any CPU = Release|Any CPU
	EndGlobalSection
	GlobalSection(ProjectConfigurationPlatforms) = postSolution
		{2CD92DD3-9975-4EE2-912C-E04145189DD8}.Debug|Any CPU.ActiveCfg = Debug|Any CPU
		{2CD92DD3-9975-4EE2-912C-E04145189DD8}.Debug|Any CPU.Build.0 = Debug|Any CPU
		{2CD92DD3-9975-4EE2-912C-E04145189DD8}.Release|Any CPU.ActiveCfg = Release|Any CPU
		{2CD92DD3-9975-4EE2-912C-E04145189DD8}.Release|Any CPU.Build.0 = Release|Any CPU
	EndGlobalSection
	GlobalSection(SolutionProperties) = preSolution
		HideSolutionNode = FALSE
	EndGlobalSection
	GlobalSection(ExtensibilityGlobals) = postSolution
		SolutionGuid = {CC1D7838-D1B7-4A65-AD32-CF70B4C56F01}
	EndGlobalSection
EndGlobal
